{
  "name": "hulk",
  "version": "1.0.0",
  "lockfileVersion": 1,
  "dependencies": {
    "@mi/restful-mock": {
      "version": "1.0.1",
      "resolved": "http://registry.npm.pt.mi.com/@mi/restful-mock/download/@mi/restful-mock-1.0.1.tgz",
      "integrity": "sha1-2GI31TTrtoTgrQq/haD0GQ7AReM="
    },
    "append-field": {
      "version": "0.1.0",
      "resolved": "http://registry.npm.pt.mi.com/append-field/download/append-field-0.1.0.tgz",
      "integrity": "sha1-bdxY+gg8e8VF08WZWygwzCNm1Eo="
    },
    "bowser": {
      "version": "1.7.1",
      "resolved": "http://registry.npm.pt.mi.com/bowser/download/bowser-1.7.1.tgz",
      "integrity": "sha1-pN6PGKGg3JUx6yqSoVIftqm6lqU="
    },
    "busboy": {
      "version": "0.2.14",
      "resolved": "http://registry.npm.pt.mi.com/busboy/download/busboy-0.2.14.tgz",
      "integrity": "sha1-bCpiLvz0fFe7vh4qnDetNseSVFM="
    },
    "commander": {
      "version": "2.11.0",
      "resolved": "http://registry.npm.pt.mi.com/commander/download/commander-2.11.0.tgz",
      "integrity": "sha1-FXFS/R56bI2YpbcVzzdt+SgARWM="
    },
    "concat-stream": {
      "version": "1.6.0",
      "resolved": "http://registry.npm.pt.mi.com/concat-stream/download/concat-stream-1.6.0.tgz",
      "integrity": "sha1-CqxmL9Ur54lk1VMvaUeE5wEQrPc=",
      "dependencies": {
        "isarray": {
          "version": "1.0.0",
          "resolved": "http://registry.npm.pt.mi.com/isarray/download/isarray-1.0.0.tgz",
          "integrity": "sha1-u5NdSFgsuhaMBoNJV6VKPgcSTxE="
        },
        "readable-stream": {
          "version": "2.3.3",
          "resolved": "http://registry.npm.pt.mi.com/readable-stream/download/readable-stream-2.3.3.tgz",
          "integrity": "sha1-No8lEtefnUb9/HE0mueHi7weuVw="
        },
        "string_decoder": {
          "version": "1.0.3",
          "resolved": "http://registry.npm.pt.mi.com/string_decoder/download/string_decoder-1.0.3.tgz",
          "integrity": "sha1-D8Z9fBQYJd6UKC3VNr7GubzoYKs="
        }
      }
    },
    "core-util-is": {
      "version": "1.0.2",
      "resolved": "http://registry.npm.pt.mi.com/core-util-is/download/core-util-is-1.0.2.tgz",
      "integrity": "sha1-tf1UIgqivFq1eqtxQMlAdUUDwac="
    },
    "dicer": {
      "version": "0.2.5",
      "resolved": "http://registry.npm.pt.mi.com/dicer/download/dicer-0.2.5.tgz",
      "integrity": "sha1-WZbAhrszIYyBLAkL3cCc0S+stw8="
    },
    "ee-first": {
      "version": "1.1.1",
      "resolved": "http://registry.npm.pt.mi.com/ee-first/download/ee-first-1.1.1.tgz",
      "integrity": "sha1-WQxhFWsK4vTwJVcyoViyZrxWsh0="
    },
    "faux-jax": {
      "version": "5.0.6",
      "resolved": "http://registry.npm.pt.mi.com/faux-jax/download/faux-jax-5.0.6.tgz",
      "integrity": "sha1-KZMfF4Tnw3ciaPbUQnYsSx2Ebd4="
    },
    "inherits": {
      "version": "2.0.3",
      "resolved": "http://registry.npm.pt.mi.com/inherits/download/inherits-2.0.3.tgz",
      "integrity": "sha1-Yzwsg+PaQqUC9SRmAiSA9CCCYd4="
    },
    "isarray": {
      "version": "0.0.1",
      "resolved": "http://registry.npm.pt.mi.com/isarray/download/isarray-0.0.1.tgz",
      "integrity": "sha1-ihis/Kmo9Bd+Cav8YDiTmwXR7t8="
    },
    "lodash": {
      "version": "4.17.4",
      "resolved": "http://registry.npm.pt.mi.com/lodash/download/lodash-4.17.4.tgz",
      "integrity": "sha1-eCA6TRwyiuHYbcpkYONptX9AVa4="
    },
    "lodash-compat": {
      "version": "3.10.2",
      "resolved": "http://registry.npm.pt.mi.com/lodash-compat/download/lodash-compat-3.10.2.tgz",
      "integrity": "sha1-xpQBKKnTD46QLNLPmf0Muk7PwYM="
    },
    "media-typer": {
      "version": "0.3.0",
      "resolved": "http://registry.npm.pt.mi.com/media-typer/download/media-typer-0.3.0.tgz",
      "integrity": "sha1-hxDXrwqmJvj/+hzgAWhUUmMlV0g="
    },
    "mime-db": {
      "version": "1.27.0",
      "resolved": "http://registry.npm.pt.mi.com/mime-db/download/mime-db-1.27.0.tgz",
      "integrity": "sha1-gg9XIpa70g7CXtVeW13oaeVDbrE="
    },
    "mime-types": {
      "version": "2.1.15",
      "resolved": "http://registry.npm.pt.mi.com/mime-types/download/mime-types-2.1.15.tgz",
      "integrity": "sha1-pOv1BkCUVpI3uM9wBGd20J/JKu0="
    },
    "minimist": {
      "version": "0.0.8",
      "resolved": "http://registry.npm.pt.mi.com/minimist/download/minimist-0.0.8.tgz",
      "integrity": "sha1-hX/Kv8M5fSYluCKCYuhqp6ARsF0="
    },
    "mitm": {
      "version": "1.3.2",
      "resolved": "http://registry.npm.pt.mi.com/mitm/download/mitm-1.3.2.tgz",
      "integrity": "sha1-GI2GIGAaFWkTPZ5whfzwEeeZJl0="
    },
    "mkdirp": {
      "version": "0.5.1",
      "resolved": "http://registry.npm.pt.mi.com/mkdirp/download/mkdirp-0.5.1.tgz",
      "integrity": "sha1-MAV0OOrGz3+MR2fzhkjWaX11yQM="
    },
    "multer": {
      "version": "1.3.0",
      "resolved": "http://registry.npm.pt.mi.com/multer/download/multer-1.3.0.tgz",
      "integrity": "sha1-CSsmcPaEb6SRSWXvyM+Uwg/sbNI="
    },
    "object-assign": {
      "version": "3.0.0",
      "resolved": "http://registry.npm.pt.mi.com/object-assign/download/object-assign-3.0.0.tgz",
      "integrity": "sha1-m+3VygiXlJvKR+f/QIBi1Un1h/I="
    },
    "on-finished": {
      "version": "2.3.0",
      "resolved": "http://registry.npm.pt.mi.com/on-finished/download/on-finished-2.3.0.tgz",
      "integrity": "sha1-IPEzZIGwg811M3mSoWlxqi2QaUc="
    },
    "process-nextick-args": {
      "version": "1.0.7",
      "resolved": "http://registry.npm.pt.mi.com/process-nextick-args/download/process-nextick-args-1.0.7.tgz",
      "integrity": "sha1-FQ4gt1ZZCtP5EJPyWk8q2L/zC6M="
    },
    "readable-stream": {
      "version": "1.1.14",
      "resolved": "http://registry.npm.pt.mi.com/readable-stream/download/readable-stream-1.1.14.tgz",
      "integrity": "sha1-fPTFTvZI44EwhMY23SB54WbAgdk="
    },
    "safe-buffer": {
      "version": "5.1.1",
      "resolved": "http://registry.npm.pt.mi.com/safe-buffer/download/safe-buffer-5.1.1.tgz",
      "integrity": "sha1-iTMSr2myEj3vcfV4iQAWce6yyFM="
    },
    "streamsearch": {
      "version": "0.1.2",
      "resolved": "http://registry.npm.pt.mi.com/streamsearch/download/streamsearch-0.1.2.tgz",
      "integrity": "sha1-gIudDlb8Jz2Am6VzOOkpkZoanxo="
    },
    "string_decoder": {
      "version": "0.10.31",
      "resolved": "http://registry.npm.pt.mi.com/string_decoder/download/string_decoder-0.10.31.tgz",
      "integrity": "sha1-YuIDvEF2bGwoyfyEMB2rHFMQ+pQ="
    },
    "type-is": {
      "version": "1.6.15",
      "resolved": "http://registry.npm.pt.mi.com/type-is/download/type-is-1.6.15.tgz",
      "integrity": "sha1-yrEPtJCeRByChC6v4a1kbIGARBA="
    },
    "typedarray": {
      "version": "0.0.6",
      "resolved": "http://registry.npm.pt.mi.com/typedarray/download/typedarray-0.0.6.tgz",
      "integrity": "sha1-hnrHTjhkGHsdPUfZlqeOxciDB3c="
    },
    "underscore": {
      "version": "1.5.2",
      "resolved": "http://registry.npm.pt.mi.com/underscore/download/underscore-1.5.2.tgz",
      "integrity": "sha1-EzXF5PXm0zu7SwBrqMhqAPVW3gg="
    },
    "util-deprecate": {
      "version": "1.0.2",
      "resolved": "http://registry.npm.pt.mi.com/util-deprecate/download/util-deprecate-1.0.2.tgz",
      "integrity": "sha1-RQ1Nyfpw3nMnYvvS1KKJgUGaDM8="
    },
    "writable-window-method": {
      "version": "1.0.3",
      "resolved": "http://registry.npm.pt.mi.com/writable-window-method/download/writable-window-method-1.0.3.tgz",
      "integrity": "sha1-yNOQYUytCvRPSOybF50/afV8Jl4=",
      "dependencies": {
        "lodash-compat": {
          "version": "3.5.0",
          "resolved": "http://registry.npm.pt.mi.com/lodash-compat/download/lodash-compat-3.5.0.tgz",
          "integrity": "sha1-dfEF+k/oKYltsMoGYv3zlwyY9fU="
        }
      }
    },
    "xtend": {
      "version": "4.0.1",
      "resolved": "http://registry.npm.pt.mi.com/xtend/download/xtend-4.0.1.tgz",
      "integrity": "sha1-pcbVMr5lbiPbgg77lDofBJmNY68="
    }
  }
}
