{
  "name": "bumblebee",
  "version": "1.0.0",
  "lockfileVersion": 1,
  "dependencies": {
    "argparse": {
      "version": "1.0.9",
      "resolved": "http://registry.npm.pt.mi.com/argparse/download/argparse-1.0.9.tgz",
      "integrity": "sha1-c9g7wmP4bpf4zE9rrhsOkKfSLIY="
    },
    "esprima": {
      "version": "4.0.0",
      "resolved": "http://registry.npm.pt.mi.com/esprima/download/esprima-4.0.0.tgz",
      "integrity": "sha1-RJnt3NERDgshi6zy+n9/WfVcqAQ="
    },
    "fast-json-stringify": {
      "version": "0.12.2",
      "resolved": "https://registry.npmjs.org/fast-json-stringify/-/fast-json-stringify-0.12.2.tgz",
      "integrity": "sha512-zKjnYKher4N3zIi4TgpgHwOXEi48S9BO6FZ7Vwgnvo7LoMzad5EdYQvQAZqIrxRGaXK3DN6sbB1pkIgHKj+Qlg=="
    },
    "fast-safe-stringify": {
      "version": "1.2.0",
      "resolved": "http://registry.npm.pt.mi.com/fast-safe-stringify/download/fast-safe-stringify-1.2.0.tgz",
      "integrity": "sha1-69QmZv0Y/k8rpPDSlQZfP4XK3pY="
    },
    "js-yaml": {
      "version": "3.9.0",
      "resolved": "http://registry.npm.pt.mi.com/js-yaml/download/js-yaml-3.9.0.tgz",
      "integrity": "sha1-T/u/JcKsljuCmdx02n43QN4cGM4="
    },
    "sprintf-js": {
      "version": "1.0.3",
      "resolved": "http://registry.npm.pt.mi.com/sprintf-js/download/sprintf-js-1.0.3.tgz",
      "integrity": "sha1-BOaSb2YolTVPPdAVIDYzuFcpfiw="
    }
  }
}
