{
  "name": "@mi/bumblebee",
  "version": "1.0.1",
  "lockfileVersion": 1,
  "dependencies": {
    "argparse": {
      "version": "1.0.9",
      "resolved": "http://registry.npm.pt.mi.com/argparse/download/argparse-1.0.9.tgz",
      "integrity": "sha1-c9g7wmP4bpf4zE9rrhsOkKfSLIY="
    },
    "commander": {
      "version": "2.11.0",
      "resolved": "http://registry.npm.pt.mi.com/commander/download/commander-2.11.0.tgz",
      "integrity": "sha1-FXFS/R56bI2YpbcVzzdt+SgARWM="
    },
    "esprima": {
      "version": "4.0.0",
      "resolved": "http://registry.npm.pt.mi.com/esprima/download/esprima-4.0.0.tgz",
      "integrity": "sha1-RJnt3NERDgshi6zy+n9/WfVcqAQ="
    },
    "js-yaml": {
      "version": "3.9.0",
      "resolved": "http://registry.npm.pt.mi.com/js-yaml/download/js-yaml-3.9.0.tgz",
      "integrity": "sha1-T/u/JcKsljuCmdx02n43QN4cGM4="
    },
    "sprintf-js": {
      "version": "1.0.3",
      "resolved": "http://registry.npm.pt.mi.com/sprintf-js/download/sprintf-js-1.0.3.tgz",
      "integrity": "sha1-BOaSb2YolTVPPdAVIDYzuFcpfiw="
    }
  }
}
